
Microsoft Visual Studio Solution File, Format Version 12.00
# Visual Studio Version 16
VisualStudioVersion = 16.0.30804.86
MinimumVisualStudioVersion = 10.0.40219.1
Project("{9A19103F-16F7-4668-BE54-9A1E7A4F7556}") = "BookmarkManager.Web", "BookmarkManager.Web\BookmarkManager.Web.csproj", "{926DE197-B0C8-4079-86B0-0A3E2F098484}"
EndProject
Project("{9A19103F-16F7-4668-BE54-9A1E7A4F7556}") = "BookmarkManager.Business", "BookmarkManager.Business\BookmarkManager.Business.csproj", "{01D0FFC1-F68B-4EFD-A329-E4B63C41D1E5}"
EndProject
Project("{FAE04EC0-301F-11D3-BF4B-00C04F79EFBC}") = "BookmarkManager.BusinessTests", "BookmarkManager.BusinessTests\BookmarkManager.BusinessTests.csproj", "{AF92C9E4-A5FF-43A2-BDE3-1AE7364054A8}"
EndProject
Global
	GlobalSection(SolutionConfigurationPlatforms) = preSolution
		Debug|Any CPU = Debug|Any CPU
		Release|Any CPU = Release|Any CPU
	EndGlobalSection
	GlobalSection(ProjectConfigurationPlatforms) = postSolution
		{926DE197-B0C8-4079-86B0-0A3E2F098484}.Debug|Any CPU.ActiveCfg = Debug|Any CPU
		{926DE197-B0C8-4079-86B0-0A3E2F098484}.Debug|Any CPU.Build.0 = Debug|Any CPU
		{926DE197-B0C8-4079-86B0-0A3E2F098484}.Release|Any CPU.ActiveCfg = Release|Any CPU
		{926DE197-B0C8-4079-86B0-0A3E2F098484}.Release|Any CPU.Build.0 = Release|Any CPU
		{01D0FFC1-F68B-4EFD-A329-E4B63C41D1E5}.Debug|Any CPU.ActiveCfg = Debug|Any CPU
		{01D0FFC1-F68B-4EFD-A329-E4B63C41D1E5}.Debug|Any CPU.Build.0 = Debug|Any CPU
		{01D0FFC1-F68B-4EFD-A329-E4B63C41D1E5}.Release|Any CPU.ActiveCfg = Release|Any CPU
		{01D0FFC1-F68B-4EFD-A329-E4B63C41D1E5}.Release|Any CPU.Build.0 = Release|Any CPU
		{AF92C9E4-A5FF-43A2-BDE3-1AE7364054A8}.Debug|Any CPU.ActiveCfg = Debug|Any CPU
		{AF92C9E4-A5FF-43A2-BDE3-1AE7364054A8}.Debug|Any CPU.Build.0 = Debug|Any CPU
		{AF92C9E4-A5FF-43A2-BDE3-1AE7364054A8}.Release|Any CPU.ActiveCfg = Release|Any CPU
		{AF92C9E4-A5FF-43A2-BDE3-1AE7364054A8}.Release|Any CPU.Build.0 = Release|Any CPU
	EndGlobalSection
	GlobalSection(SolutionProperties) = preSolution
		HideSolutionNode = FALSE
	EndGlobalSection
	GlobalSection(ExtensibilityGlobals) = postSolution
		SolutionGuid = {F7FEE643-3B9F-4E7E-A9F7-C36052C0D3E8}
	EndGlobalSection
EndGlobal
